// !$*UTF8*$!
{
	archiveVersion = 1;
	classes = {
	};
	objectVersion = 46;
	objects = {

/* Begin PBXBuildFile section */
		3309D8531C312F5900534E33 /* StoreKit.framework in Frameworks */ = {isa = PBXBuildFile; fileRef = 3309D8521C312F5900534E33 /* StoreKit.framework */; };
		3309D8551C312F6500534E33 /* QuartzCore.framework in Frameworks */ = {isa = PBXBuildFile; fileRef = 3309D8541C312F6500534E33 /* QuartzCore.framework */; };
		3309D9791C438A5E00534E33 /* libz.1.2.5.tbd in Frameworks */ = {isa = PBXBuildFile; fileRef = 3309D9781C438A5E00534E33 /* libz.1.2.5.tbd */; };
		3309D97F1C4394C800534E33 /* VKSdk.framework in Frameworks */ = {isa = PBXBuildFile; fileRef = 3309D97E1C4394C800534E33 /* VKSdk.framework */; };
		331262371C50B56800B1B435 /* VKBridge.framework in Frameworks */ = {isa = PBXBuildFile; fileRef = 331262361C50B56800B1B435 /* VKBridge.framework */; };
		3CD53D9D1B81F37900E1B01A /* VKSdkResources.bundle in Resources */ = {isa = PBXBuildFile; fileRef = 3CD53D9C1B81F37900E1B01A /* VKSdkResources.bundle */; };
		7517F2111FFF437F000237ED /* GameSDK.framework in Frameworks */ = {isa = PBXBuildFile; fileRef = 7517F2101FFF437E000237ED /* GameSDK.framework */; };
		752A5F421CDC826A00C36131 /* GameSDKResources.bundle in Resources */ = {isa = PBXBuildFile; fileRef = 752A5F411CDC826A00C36131 /* GameSDKResources.bundle */; };
		75864D631FF35A22002C9012 /* libsqlite3.tbd in Frameworks */ = {isa = PBXBuildFile; fileRef = 75864D601FF35A22002C9012 /* libsqlite3.tbd */; };
		75864D651FF35A3A002C9012 /* CoreTelephony.framework in Frameworks */ = {isa = PBXBuildFile; fileRef = 75864D641FF35A3A002C9012 /* CoreTelephony.framework */; };
		75864D671FF35A48002C9012 /* libz.tbd in Frameworks */ = {isa = PBXBuildFile; fileRef = 75864D661FF35A48002C9012 /* libz.tbd */; };
		75864D691FF35A58002C9012 /* libc++.tbd in Frameworks */ = {isa = PBXBuildFile; fileRef = 75864D681FF35A57002C9012 /* libc++.tbd */; };
		9934F1B219303DC6005EF4AB /* Foundation.framework in Frameworks */ = {isa = PBXBuildFile; fileRef = 9934F1B119303DC6005EF4AB /* Foundation.framework */; };
		9934F1B619303DC6005EF4AB /* UIKit.framework in Frameworks */ = {isa = PBXBuildFile; fileRef = 9934F1B519303DC6005EF4AB /* UIKit.framework */; };
		9934F1BE19303DC6005EF4AB /* main.m in Sources */ = {isa = PBXBuildFile; fileRef = 9934F1BD19303DC6005EF4AB /* main.m */; };
		9934F1C219303DC6005EF4AB /* LSGAppDelegate.m in Sources */ = {isa = PBXBuildFile; fileRef = 9934F1C119303DC6005EF4AB /* LSGAppDelegate.m */; };
		9934F1C419303DC6005EF4AB /* Images.xcassets in Resources */ = {isa = PBXBuildFile; fileRef = 9934F1C319303DC6005EF4AB /* Images.xcassets */; };
		9934F23A19307153005EF4AB /* LSGMainViewController.m in Sources */ = {isa = PBXBuildFile; fileRef = 9934F23919307153005EF4AB /* LSGMainViewController.m */; };
		997523281930A42500F50D29 /* CFNetwork.framework in Frameworks */ = {isa = PBXBuildFile; fileRef = 997523271930A42500F50D29 /* CFNetwork.framework */; };
		997523321930A52600F50D29 /* MobileCoreServices.framework in Frameworks */ = {isa = PBXBuildFile; fileRef = 997523311930A52600F50D29 /* MobileCoreServices.framework */; };
/* End PBXBuildFile section */

/* Begin PBXContainerItemProxy section */
		75864D6F1FF368D9002C9012 /* PBXContainerItemProxy */ = {
			isa = PBXContainerItemProxy;
			containerPortal = 75864D6A1FF368D9002C9012 /* GameSDK.xcodeproj */;
			proxyType = 2;
			remoteGlobalIDString = 99626194192D9649004FF2E3;
			remoteInfo = GameSDK;
		};
/* End PBXContainerItemProxy section */

/* Begin PBXFileReference section */
		27019DCA1A208B1500DA560D /* Path.xcconfig */ = {isa = PBXFileReference; fileEncoding = 4; lastKnownFileType = text.xcconfig; path = Path.xcconfig; sourceTree = "<group>"; };
		27019DCB1A208B1500DA560D /* Project.xcconfig */ = {isa = PBXFileReference; fileEncoding = 4; lastKnownFileType = text.xcconfig; path = Project.xcconfig; sourceTree = "<group>"; };
		3309D8521C312F5900534E33 /* StoreKit.framework */ = {isa = PBXFileReference; lastKnownFileType = wrapper.framework; name = StoreKit.framework; path = /Applications/Xcode.app/Contents/Developer/Platforms/iPhoneOS.platform/Developer/SDKs/iPhoneOS9.1.sdk/System/Library/Frameworks/StoreKit.framework; sourceTree = "<absolute>"; };
		3309D8541C312F6500534E33 /* QuartzCore.framework */ = {isa = PBXFileReference; lastKnownFileType = wrapper.framework; name = QuartzCore.framework; path = /Applications/Xcode.app/Contents/Developer/Platforms/iPhoneOS.platform/Developer/SDKs/iPhoneOS9.1.sdk/System/Library/Frameworks/QuartzCore.framework; sourceTree = "<absolute>"; };
		3309D9781C438A5E00534E33 /* libz.1.2.5.tbd */ = {isa = PBXFileReference; lastKnownFileType = "sourcecode.text-based-dylib-definition"; name = libz.1.2.5.tbd; path = usr/lib/libz.1.2.5.tbd; sourceTree = SDKROOT; };
		3309D97E1C4394C800534E33 /* VKSdk.framework */ = {isa = PBXFileReference; lastKnownFileType = wrapper.framework; name = VKSdk.framework; path = letsgameDemo/VKSdk.framework; sourceTree = "<group>"; };
		331262361C50B56800B1B435 /* VKBridge.framework */ = {isa = PBXFileReference; lastKnownFileType = wrapper.framework; name = VKBridge.framework; path = ../VKBridge.framework; sourceTree = "<group>"; };
		3CD53D9C1B81F37900E1B01A /* VKSdkResources.bundle */ = {isa = PBXFileReference; lastKnownFileType = "wrapper.plug-in"; path = VKSdkResources.bundle; sourceTree = "<group>"; };
		7517F2101FFF437E000237ED /* GameSDK.framework */ = {isa = PBXFileReference; lastKnownFileType = wrapper.framework; name = GameSDK.framework; path = ../GameSDK.framework; sourceTree = "<group>"; };
		752A5F411CDC826A00C36131 /* GameSDKResources.bundle */ = {isa = PBXFileReference; lastKnownFileType = "wrapper.plug-in"; name = GameSDKResources.bundle; path = ../../GameSDKResources.bundle; sourceTree = "<group>"; };
		75864D601FF35A22002C9012 /* libsqlite3.tbd */ = {isa = PBXFileReference; lastKnownFileType = "sourcecode.text-based-dylib-definition"; name = libsqlite3.tbd; path = usr/lib/libsqlite3.tbd; sourceTree = SDKROOT; };
		75864D641FF35A3A002C9012 /* CoreTelephony.framework */ = {isa = PBXFileReference; lastKnownFileType = wrapper.framework; name = CoreTelephony.framework; path = System/Library/Frameworks/CoreTelephony.framework; sourceTree = SDKROOT; };
		75864D661FF35A48002C9012 /* libz.tbd */ = {isa = PBXFileReference; lastKnownFileType = "sourcecode.text-based-dylib-definition"; name = libz.tbd; path = usr/lib/libz.tbd; sourceTree = SDKROOT; };
		75864D681FF35A57002C9012 /* libc++.tbd */ = {isa = PBXFileReference; lastKnownFileType = "sourcecode.text-based-dylib-definition"; name = "libc++.tbd"; path = "usr/lib/libc++.tbd"; sourceTree = SDKROOT; };
		75864D6A1FF368D9002C9012 /* GameSDK.xcodeproj */ = {isa = PBXFileReference; lastKnownFileType = "wrapper.pb-project"; name = GameSDK.xcodeproj; path = ../../../iosgamesdk/GameSDK/GameSDK.xcodeproj; sourceTree = "<group>"; };
		9934F1AE19303DC6005EF4AB /* GameSDKDemo.app */ = {isa = PBXFileReference; explicitFileType = wrapper.application; includeInIndex = 0; path = GameSDKDemo.app; sourceTree = BUILT_PRODUCTS_DIR; };
		9934F1B119303DC6005EF4AB /* Foundation.framework */ = {isa = PBXFileReference; lastKnownFileType = wrapper.framework; name = Foundation.framework; path = System/Library/Frameworks/Foundation.framework; sourceTree = SDKROOT; };
		9934F1B319303DC6005EF4AB /* CoreGraphics.framework */ = {isa = PBXFileReference; lastKnownFileType = wrapper.framework; name = CoreGraphics.framework; path = System/Library/Frameworks/CoreGraphics.framework; sourceTree = SDKROOT; };
		9934F1B519303DC6005EF4AB /* UIKit.framework */ = {isa = PBXFileReference; lastKnownFileType = wrapper.framework; name = UIKit.framework; path = System/Library/Frameworks/UIKit.framework; sourceTree = SDKROOT; };
		9934F1B919303DC6005EF4AB /* letsgameDemo-Info.plist */ = {isa = PBXFileReference; lastKnownFileType = text.plist.xml; path = "letsgameDemo-Info.plist"; sourceTree = "<group>"; };
		9934F1BD19303DC6005EF4AB /* main.m */ = {isa = PBXFileReference; lastKnownFileType = sourcecode.c.objc; path = main.m; sourceTree = "<group>"; };
		9934F1BF19303DC6005EF4AB /* GameSDKDemo-Prefix.pch */ = {isa = PBXFileReference; lastKnownFileType = sourcecode.c.h; path = "GameSDKDemo-Prefix.pch"; sourceTree = "<group>"; };
		9934F1C019303DC6005EF4AB /* LSGAppDelegate.h */ = {isa = PBXFileReference; lastKnownFileType = sourcecode.c.h; path = LSGAppDelegate.h; sourceTree = "<group>"; };
		9934F1C119303DC6005EF4AB /* LSGAppDelegate.m */ = {isa = PBXFileReference; lastKnownFileType = sourcecode.c.objc; path = LSGAppDelegate.m; sourceTree = "<group>"; };
		9934F1C319303DC6005EF4AB /* Images.xcassets */ = {isa = PBXFileReference; lastKnownFileType = folder.assetcatalog; path = Images.xcassets; sourceTree = "<group>"; };
		9934F23819307153005EF4AB /* LSGMainViewController.h */ = {isa = PBXFileReference; fileEncoding = 4; lastKnownFileType = sourcecode.c.h; path = LSGMainViewController.h; sourceTree = "<group>"; };
		9934F23919307153005EF4AB /* LSGMainViewController.m */ = {isa = PBXFileReference; fileEncoding = 4; lastKnownFileType = sourcecode.c.objc; path = LSGMainViewController.m; sourceTree = "<group>"; };
		997523271930A42500F50D29 /* CFNetwork.framework */ = {isa = PBXFileReference; lastKnownFileType = wrapper.framework; name = CFNetwork.framework; path = System/Library/Frameworks/CFNetwork.framework; sourceTree = SDKROOT; };
		997523311930A52600F50D29 /* MobileCoreServices.framework */ = {isa = PBXFileReference; lastKnownFileType = wrapper.framework; name = MobileCoreServices.framework; path = System/Library/Frameworks/MobileCoreServices.framework; sourceTree = SDKROOT; };
/* End PBXFileReference section */

/* Begin PBXFrameworksBuildPhase section */
		9934F1AB19303DC6005EF4AB /* Frameworks */ = {
			isa = PBXFrameworksBuildPhase;
			buildActionMask = 2147483647;
			files = (
				75864D691FF35A58002C9012 /* libc++.tbd in Frameworks */,
				75864D671FF35A48002C9012 /* libz.tbd in Frameworks */,
				75864D651FF35A3A002C9012 /* CoreTelephony.framework in Frameworks */,
				7517F2111FFF437F000237ED /* GameSDK.framework in Frameworks */,
				75864D631FF35A22002C9012 /* libsqlite3.tbd in Frameworks */,
				331262371C50B56800B1B435 /* VKBridge.framework in Frameworks */,
				3309D9791C438A5E00534E33 /* libz.1.2.5.tbd in Frameworks */,
				3309D8551C312F6500534E33 /* QuartzCore.framework in Frameworks */,
				3309D8531C312F5900534E33 /* StoreKit.framework in Frameworks */,
				997523321930A52600F50D29 /* MobileCoreServices.framework in Frameworks */,
				3309D97F1C4394C800534E33 /* VKSdk.framework in Frameworks */,
				997523281930A42500F50D29 /* CFNetwork.framework in Frameworks */,
				9934F1B619303DC6005EF4AB /* UIKit.framework in Frameworks */,
				9934F1B219303DC6005EF4AB /* Foundation.framework in Frameworks */,
			);
			runOnlyForDeploymentPostprocessing = 0;
		};
/* End PBXFrameworksBuildPhase section */

/* Begin PBXGroup section */
		27019DC91A208B1500DA560D /* Configuration */ = {
			isa = PBXGroup;
			children = (
				27019DCA1A208B1500DA560D /* Path.xcconfig */,
				27019DCB1A208B1500DA560D /* Project.xcconfig */,
			);
			path = Configuration;
			sourceTree = "<group>";
		};
		27019DCE1A208B2300DA560D /* Dependencies */ = {
			isa = PBXGroup;
			children = (
				75864D6A1FF368D9002C9012 /* GameSDK.xcodeproj */,
			);
			name = Dependencies;
			sourceTree = "<group>";
		};
		75864D6B1FF368D9002C9012 /* Products */ = {
			isa = PBXGroup;
			children = (
				75864D701FF368D9002C9012 /* libGameSDK.a */,
			);
			name = Products;
			sourceTree = "<group>";
		};
		9934F1A519303DC6005EF4AB = {
			isa = PBXGroup;
			children = (
				27019DC91A208B1500DA560D /* Configuration */,
				27019DCE1A208B2300DA560D /* Dependencies */,
				9934F1B719303DC6005EF4AB /* letsgameDemo */,
				9934F1B019303DC6005EF4AB /* Frameworks */,
				9934F1AF19303DC6005EF4AB /* Products */,
			);
			sourceTree = "<group>";
		};
		9934F1AF19303DC6005EF4AB /* Products */ = {
			isa = PBXGroup;
			children = (
				9934F1AE19303DC6005EF4AB /* GameSDKDemo.app */,
			);
			name = Products;
			sourceTree = "<group>";
		};
		9934F1B019303DC6005EF4AB /* Frameworks */ = {
			isa = PBXGroup;
			children = (
				7517F2101FFF437E000237ED /* GameSDK.framework */,
				75864D681FF35A57002C9012 /* libc++.tbd */,
				75864D661FF35A48002C9012 /* libz.tbd */,
				75864D641FF35A3A002C9012 /* CoreTelephony.framework */,
				75864D601FF35A22002C9012 /* libsqlite3.tbd */,
				331262361C50B56800B1B435 /* VKBridge.framework */,
				3309D97E1C4394C800534E33 /* VKSdk.framework */,
				3309D9781C438A5E00534E33 /* libz.1.2.5.tbd */,
				3309D8541C312F6500534E33 /* QuartzCore.framework */,
				3309D8521C312F5900534E33 /* StoreKit.framework */,
				997523311930A52600F50D29 /* MobileCoreServices.framework */,
				997523271930A42500F50D29 /* CFNetwork.framework */,
				9934F1B119303DC6005EF4AB /* Foundation.framework */,
				9934F1B319303DC6005EF4AB /* CoreGraphics.framework */,
				9934F1B519303DC6005EF4AB /* UIKit.framework */,
			);
			name = Frameworks;
			sourceTree = "<group>";
		};
		9934F1B719303DC6005EF4AB /* letsgameDemo */ = {
			isa = PBXGroup;
			children = (
				752A5F411CDC826A00C36131 /* GameSDKResources.bundle */,
				9934F1C319303DC6005EF4AB /* Images.xcassets */,
				9934F1C019303DC6005EF4AB /* LSGAppDelegate.h */,
				9934F1C119303DC6005EF4AB /* LSGAppDelegate.m */,
				9934F23819307153005EF4AB /* LSGMainViewController.h */,
				9934F23919307153005EF4AB /* LSGMainViewController.m */,
				9934F1B819303DC6005EF4AB /* Supporting Files */,
				3CD53D9C1B81F37900E1B01A /* VKSdkResources.bundle */,
			);
			path = letsgameDemo;
			sourceTree = "<group>";
		};
		9934F1B819303DC6005EF4AB /* Supporting Files */ = {
			isa = PBXGroup;
			children = (
				9934F1B919303DC6005EF4AB /* letsgameDemo-Info.plist */,
				9934F1BD19303DC6005EF4AB /* main.m */,
				9934F1BF19303DC6005EF4AB /* GameSDKDemo-Prefix.pch */,
			);
			name = "Supporting Files";
			sourceTree = "<group>";
		};
/* End PBXGroup section */

/* Begin PBXNativeTarget section */
		9934F1AD19303DC6005EF4AB /* GameSDKDemo */ = {
			isa = PBXNativeTarget;
			buildConfigurationList = 9934F1DA19303DC6005EF4AB /* Build configuration list for PBXNativeTarget "GameSDKDemo" */;
			buildPhases = (
				9934F1AA19303DC6005EF4AB /* Sources */,
				9934F1AB19303DC6005EF4AB /* Frameworks */,
				9934F1AC19303DC6005EF4AB /* Resources */,
			);
			buildRules = (
			);
			dependencies = (
			);
			name = GameSDKDemo;
			productName = letsgameDemo;
			productReference = 9934F1AE19303DC6005EF4AB /* GameSDKDemo.app */;
			productType = "com.apple.product-type.application";
		};
/* End PBXNativeTarget section */

/* Begin PBXProject section */
		9934F1A619303DC6005EF4AB /* Project object */ = {
			isa = PBXProject;
			attributes = {
				CLASSPREFIX = LSG;
				LastUpgradeCheck = 0710;
				TargetAttributes = {
					9934F1AD19303DC6005EF4AB = {
						DevelopmentTeam = 259W4F7KN8;
						ProvisioningStyle = Automatic;
					};
				};
			};
			buildConfigurationList = 9934F1A919303DC6005EF4AB /* Build configuration list for PBXProject "GameSDKDemo" */;
			compatibilityVersion = "Xcode 3.2";
			developmentRegion = English;
			hasScannedForEncodings = 0;
			knownRegions = (
				en,
			);
			mainGroup = 9934F1A519303DC6005EF4AB;
			productRefGroup = 9934F1AF19303DC6005EF4AB /* Products */;
			projectDirPath = "";
			projectReferences = (
				{
					ProductGroup = 75864D6B1FF368D9002C9012 /* Products */;
					ProjectRef = 75864D6A1FF368D9002C9012 /* GameSDK.xcodeproj */;
				},
			);
			projectRoot = "";
			targets = (
				9934F1AD19303DC6005EF4AB /* GameSDKDemo */,
			);
		};
/* End PBXProject section */

/* Begin PBXReferenceProxy section */
		75864D701FF368D9002C9012 /* libGameSDK.a */ = {
			isa = PBXReferenceProxy;
			fileType = archive.ar;
			path = libGameSDK.a;
			remoteRef = 75864D6F1FF368D9002C9012 /* PBXContainerItemProxy */;
			sourceTree = BUILT_PRODUCTS_DIR;
		};
/* End PBXReferenceProxy section */

/* Begin PBXResourcesBuildPhase section */
		9934F1AC19303DC6005EF4AB /* Resources */ = {
			isa = PBXResourcesBuildPhase;
			buildActionMask = 2147483647;
			files = (
				3CD53D9D1B81F37900E1B01A /* VKSdkResources.bundle in Resources */,
				752A5F421CDC826A00C36131 /* GameSDKResources.bundle in Resources */,
				9934F1C419303DC6005EF4AB /* Images.xcassets in Resources */,
			);
			runOnlyForDeploymentPostprocessing = 0;
		};
/* End PBXResourcesBuildPhase section */

/* Begin PBXSourcesBuildPhase section */
		9934F1AA19303DC6005EF4AB /* Sources */ = {
			isa = PBXSourcesBuildPhase;
			buildActionMask = 2147483647;
			files = (
				9934F1BE19303DC6005EF4AB /* main.m in Sources */,
				9934F1C219303DC6005EF4AB /* LSGAppDelegate.m in Sources */,
				9934F23A19307153005EF4AB /* LSGMainViewController.m in Sources */,
			);
			runOnlyForDeploymentPostprocessing = 0;
		};
/* End PBXSourcesBuildPhase section */

/* Begin XCBuildConfiguration section */
		9934F1D819303DC6005EF4AB /* Debug */ = {
			isa = XCBuildConfiguration;
			buildSettings = {
				ALWAYS_SEARCH_USER_PATHS = YES;
				CLANG_CXX_LANGUAGE_STANDARD = "gnu++0x";
				CLANG_CXX_LIBRARY = "libc++";
				CLANG_ENABLE_MODULES = YES;
				CLANG_ENABLE_OBJC_ARC = YES;
				CLANG_WARN_BOOL_CONVERSION = YES;
				CLANG_WARN_CONSTANT_CONVERSION = YES;
				CLANG_WARN_DIRECT_OBJC_ISA_USAGE = YES_ERROR;
				CLANG_WARN_EMPTY_BODY = YES;
				CLANG_WARN_ENUM_CONVERSION = YES;
				CLANG_WARN_INT_CONVERSION = YES;
				CLANG_WARN_OBJC_ROOT_CLASS = YES_ERROR;
				CLANG_WARN__DUPLICATE_METHOD_MATCH = YES;
				"CODE_SIGN_IDENTITY[sdk=iphoneos*]" = "iPhone Developer";
				COPY_PHASE_STRIP = YES;
				ENABLE_TESTABILITY = YES;
				GCC_C_LANGUAGE_STANDARD = gnu99;
				GCC_DYNAMIC_NO_PIC = NO;
				GCC_OPTIMIZATION_LEVEL = 0;
				GCC_PREPROCESSOR_DEFINITIONS = (
					"DEBUG=1",
					"$(inherited)",
				);
				GCC_SYMBOLS_PRIVATE_EXTERN = NO;
				GCC_WARN_64_TO_32_BIT_CONVERSION = YES;
				GCC_WARN_ABOUT_RETURN_TYPE = YES_ERROR;
				GCC_WARN_UNDECLARED_SELECTOR = YES;
				GCC_WARN_UNINITIALIZED_AUTOS = YES_AGGRESSIVE;
				GCC_WARN_UNUSED_FUNCTION = YES;
				GCC_WARN_UNUSED_VARIABLE = YES;
				HEADER_SEARCH_PATHS = "$(PROJECT_DIR)/**";
				IPHONEOS_DEPLOYMENT_TARGET = 8.4;
				ONLY_ACTIVE_ARCH = YES;
				SDKROOT = iphoneos;
			};
			name = Debug;
		};
		9934F1D919303DC6005EF4AB /* Release */ = {
			isa = XCBuildConfiguration;
			buildSettings = {
				ALWAYS_SEARCH_USER_PATHS = YES;
				CLANG_CXX_LANGUAGE_STANDARD = "gnu++0x";
				CLANG_CXX_LIBRARY = "libc++";
				CLANG_ENABLE_MODULES = YES;
				CLANG_ENABLE_OBJC_ARC = YES;
				CLANG_WARN_BOOL_CONVERSION = YES;
				CLANG_WARN_CONSTANT_CONVERSION = YES;
				CLANG_WARN_DIRECT_OBJC_ISA_USAGE = YES_ERROR;
				CLANG_WARN_EMPTY_BODY = YES;
				CLANG_WARN_ENUM_CONVERSION = YES;
				CLANG_WARN_INT_CONVERSION = YES;
				CLANG_WARN_OBJC_ROOT_CLASS = YES_ERROR;
				CLANG_WARN__DUPLICATE_METHOD_MATCH = YES;
				"CODE_SIGN_IDENTITY[sdk=iphoneos*]" = "iPhone Developer";
				COPY_PHASE_STRIP = YES;
				ENABLE_NS_ASSERTIONS = NO;
				GCC_C_LANGUAGE_STANDARD = gnu99;
				GCC_WARN_64_TO_32_BIT_CONVERSION = YES;
				GCC_WARN_ABOUT_RETURN_TYPE = YES_ERROR;
				GCC_WARN_UNDECLARED_SELECTOR = YES;
				GCC_WARN_UNINITIALIZED_AUTOS = YES_AGGRESSIVE;
				GCC_WARN_UNUSED_FUNCTION = YES;
				GCC_WARN_UNUSED_VARIABLE = YES;
				HEADER_SEARCH_PATHS = "$(PROJECT_DIR)/**";
				IPHONEOS_DEPLOYMENT_TARGET = 8.4;
				ONLY_ACTIVE_ARCH = YES;
				SDKROOT = iphoneos;
				VALIDATE_PRODUCT = YES;
			};
			name = Release;
		};
		9934F1DB19303DC6005EF4AB /* Debug */ = {
			isa = XCBuildConfiguration;
			baseConfigurationReference = 27019DCB1A208B1500DA560D /* Project.xcconfig */;
			buildSettings = {
				ALWAYS_SEARCH_USER_PATHS = YES;
				ASSETCATALOG_COMPILER_APPICON_NAME = AppIcon;
				ASSETCATALOG_COMPILER_LAUNCHIMAGE_NAME = LaunchImage;
				CODE_SIGN_IDENTITY = "iPhone Developer";
				"CODE_SIGN_IDENTITY[sdk=iphoneos*]" = "iPhone Developer";
				CODE_SIGN_STYLE = Automatic;
				DEVELOPMENT_TEAM = 259W4F7KN8;
				ENABLE_BITCODE = NO;
				FRAMEWORK_SEARCH_PATHS = (
					"$(PROJECT_DIR)/../**",
					"$(PROJECT_DIR)/letsgameDemo",
				);
				GCC_PRECOMPILE_PREFIX_HEADER = YES;
				GCC_PREFIX_HEADER = "letsgameDemo/GameSDKDemo-Prefix.pch";
				HEADER_SEARCH_PATHS = (
					"$(PROJECT_DIR)/../GameSDK.framework/**",
					"$(inherited)",
					"$(PROJECT_DIR)/letsgameDemo/**",
					"$(PROJECT_DIR)/../VKBridge.framework/**",
				);
				INFOPLIST_FILE = "letsgameDemo/letsgameDemo-Info.plist";
				IPHONEOS_DEPLOYMENT_TARGET = 7.0;
				LIBRARY_SEARCH_PATHS = "";
				ONLY_ACTIVE_ARCH = YES;
				OTHER_LDFLAGS = "-ObjC";
				PRIVATE_HEADERS_FOLDER_PATH = "";
				PRODUCT_BUNDLE_IDENTIFIER = test.GameSDK.Demo;
				PRODUCT_NAME = GameSDKDemo;
				PROVISIONING_PROFILE = "";
				PROVISIONING_PROFILE_SPECIFIER = "";
				PUBLIC_HEADERS_FOLDER_PATH = "";
				WRAPPER_EXTENSION = app;
			};
			name = Debug;
		};
		9934F1DC19303DC6005EF4AB /* Release */ = {
			isa = XCBuildConfiguration;
			baseConfigurationReference = 27019DCB1A208B1500DA560D /* Project.xcconfig */;
			buildSettings = {
				ALWAYS_SEARCH_USER_PATHS = YES;
				ASSETCATALOG_COMPILER_APPICON_NAME = AppIcon;
				ASSETCATALOG_COMPILER_LAUNCHIMAGE_NAME = LaunchImage;
				CODE_SIGN_IDENTITY = "iPhone Developer";
				"CODE_SIGN_IDENTITY[sdk=iphoneos*]" = "iPhone Developer";
				CODE_SIGN_STYLE = Automatic;
				DEVELOPMENT_TEAM = 259W4F7KN8;
				ENABLE_BITCODE = NO;
				FRAMEWORK_SEARCH_PATHS = (
					"$(PROJECT_DIR)/../**",
					"$(PROJECT_DIR)/letsgameDemo",
				);
				GCC_PRECOMPILE_PREFIX_HEADER = YES;
				GCC_PREFIX_HEADER = "letsgameDemo/GameSDKDemo-Prefix.pch";
				HEADER_SEARCH_PATHS = (
					"$(PROJECT_DIR)/../GameSDK.framework/**",
					"$(inherited)",
					"$(PROJECT_DIR)/letsgameDemo/**",
					"$(PROJECT_DIR)/../VKBridge.framework/**",
				);
				INFOPLIST_FILE = "letsgameDemo/letsgameDemo-Info.plist";
				IPHONEOS_DEPLOYMENT_TARGET = 7.0;
				LIBRARY_SEARCH_PATHS = "";
				ONLY_ACTIVE_ARCH = YES;
				OTHER_LDFLAGS = "-ObjC";
				PRIVATE_HEADERS_FOLDER_PATH = "";
				PRODUCT_BUNDLE_IDENTIFIER = test.GameSDK.Demo;
				PRODUCT_NAME = GameSDKDemo;
				PROVISIONING_PROFILE = "";
				PROVISIONING_PROFILE_SPECIFIER = "";
				PUBLIC_HEADERS_FOLDER_PATH = "";
				WRAPPER_EXTENSION = app;
			};
			name = Release;
		};
/* End XCBuildConfiguration section */

/* Begin XCConfigurationList section */
		9934F1A919303DC6005EF4AB /* Build configuration list for PBXProject "GameSDKDemo" */ = {
			isa = XCConfigurationList;
			buildConfigurations = (
				9934F1D819303DC6005EF4AB /* Debug */,
				9934F1D919303DC6005EF4AB /* Release */,
			);
			defaultConfigurationIsVisible = 0;
			defaultConfigurationName = Release;
		};
		9934F1DA19303DC6005EF4AB /* Build configuration list for PBXNativeTarget "GameSDKDemo" */ = {
			isa = XCConfigurationList;
			buildConfigurations = (
				9934F1DB19303DC6005EF4AB /* Debug */,
				9934F1DC19303DC6005EF4AB /* Release */,
			);
			defaultConfigurationIsVisible = 0;
			defaultConfigurationName = Release;
		};
/* End XCConfigurationList section */
	};
	rootObject = 9934F1A619303DC6005EF4AB /* Project object */;
}
